// !$*UTF8*$!
{
	archiveVersion = 1;
	classes = {
	};
	objectVersion = 46;
	objects = {

/* Begin PBXBuildFile section */
		AD0B4E8117345C6400ECA3C6 /* UIKit.framework in Frameworks */ = {isa = PBXBuildFile; fileRef = AD0B4E8017345C6400ECA3C6 /* UIKit.framework */; };
		AD0B4E8317345C6400ECA3C6 /* Foundation.framework in Frameworks */ = {isa = PBXBuildFile; fileRef = AD0B4E8217345C6400ECA3C6 /* Foundation.framework */; };
		AD0B4E8517345C6400ECA3C6 /* CoreGraphics.framework in Frameworks */ = {isa = PBXBuildFile; fileRef = AD0B4E8417345C6400ECA3C6 /* CoreGraphics.framework */; };
		AD0B4E8D17345C6400ECA3C6 /* main.m in Sources */ = {isa = PBXBuildFile; fileRef = AD0B4E8C17345C6400ECA3C6 /* main.m */; };
		AD0B4E9117345C6400ECA3C6 /* ATAppDelegate.m in Sources */ = {isa = PBXBuildFile; fileRef = AD0B4E9017345C6400ECA3C6 /* ATAppDelegate.m */; };
		AD0B4EA417345C6400ECA3C6 /* ATHistoryViewController.m in Sources */ = {isa = PBXBuildFile; fileRef = AD0B4EA317345C6400ECA3C6 /* ATHistoryViewController.m */; };
		AD0B4EB017345C8300ECA3C6 /* ATMapViewController.m in Sources */ = {isa = PBXBuildFile; fileRef = AD0B4EAF17345C8300ECA3C6 /* ATMapViewController.m */; };
		AD0B4EB217345DA500ECA3C6 /* Alohar.framework in Frameworks */ = {isa = PBXBuildFile; fileRef = AD0B4EB117345DA500ECA3C6 /* Alohar.framework */; };
		AD0B4EBA17345DCE00ECA3C6 /* CFNetwork.framework in Frameworks */ = {isa = PBXBuildFile; fileRef = AD0B4EB317345DCE00ECA3C6 /* CFNetwork.framework */; };
		AD0B4EBB17345DCE00ECA3C6 /* CoreLocation.framework in Frameworks */ = {isa = PBXBuildFile; fileRef = AD0B4EB417345DCE00ECA3C6 /* CoreLocation.framework */; };
		AD0B4EBC17345DCE00ECA3C6 /* CoreMotion.framework in Frameworks */ = {isa = PBXBuildFile; fileRef = AD0B4EB517345DCE00ECA3C6 /* CoreMotion.framework */; };
		AD0B4EBD17345DCE00ECA3C6 /* CoreTelephony.framework in Frameworks */ = {isa = PBXBuildFile; fileRef = AD0B4EB617345DCE00ECA3C6 /* CoreTelephony.framework */; };
		AD0B4EBE17345DCE00ECA3C6 /* libz.dylib in Frameworks */ = {isa = PBXBuildFile; fileRef = AD0B4EB717345DCE00ECA3C6 /* libz.dylib */; };
		AD0B4EBF17345DCE00ECA3C6 /* MapKit.framework in Frameworks */ = {isa = PBXBuildFile; fileRef = AD0B4EB817345DCE00ECA3C6 /* MapKit.framework */; };
		AD0B4EC017345DCE00ECA3C6 /* SystemConfiguration.framework in Frameworks */ = {isa = PBXBuildFile; fileRef = AD0B4EB917345DCE00ECA3C6 /* SystemConfiguration.framework */; };
		AD0B4EC217345DFD00ECA3C6 /* MobileCoreServices.framework in Frameworks */ = {isa = PBXBuildFile; fileRef = AD0B4EC117345DFD00ECA3C6 /* MobileCoreServices.framework */; };
		AD0B6495173B4E6300DF5F4B /* AVFoundation.framework in Frameworks */ = {isa = PBXBuildFile; fileRef = AD0B6494173B4E6300DF5F4B /* AVFoundation.framework */; };
		AD84AEC01739830C00935DB2 /* ATSettingsViewController.m in Sources */ = {isa = PBXBuildFile; fileRef = AD84AEBF1739830C00935DB2 /* ATSettingsViewController.m */; };
		ADA9C73B173B04DA00A37ED3 /* ATRealTimeViewController.m in Sources */ = {isa = PBXBuildFile; fileRef = ADA9C73A173B04DA00A37ED3 /* ATRealTimeViewController.m */; };
		ADA9C73D173B075C00A37ED3 /* AudioToolbox.framework in Frameworks */ = {isa = PBXBuildFile; fileRef = ADA9C73C173B075C00A37ED3 /* AudioToolbox.framework */; };
		ADE49999173B0D7B00C92FB6 /* Default-568h@2x.png in Resources */ = {isa = PBXBuildFile; fileRef = ADE49990173B0D7B00C92FB6 /* Default-568h@2x.png */; };
		ADE4999A173B0D7B00C92FB6 /* Default.png in Resources */ = {isa = PBXBuildFile; fileRef = ADE49991173B0D7B00C92FB6 /* Default.png */; };
		ADE4999B173B0D7B00C92FB6 /* Default@2x.png in Resources */ = {isa = PBXBuildFile; fileRef = ADE49992173B0D7B00C92FB6 /* Default@2x.png */; };
		ADE4999C173B0D7B00C92FB6 /* first.png in Resources */ = {isa = PBXBuildFile; fileRef = ADE49993173B0D7B00C92FB6 /* first.png */; };
		ADE4999D173B0D7B00C92FB6 /* first@2x.png in Resources */ = {isa = PBXBuildFile; fileRef = ADE49994173B0D7B00C92FB6 /* first@2x.png */; };
		ADE4999E173B0D7B00C92FB6 /* second.png in Resources */ = {isa = PBXBuildFile; fileRef = ADE49995173B0D7B00C92FB6 /* second.png */; };
		ADE4999F173B0D7B00C92FB6 /* second@2x.png in Resources */ = {isa = PBXBuildFile; fileRef = ADE49996173B0D7B00C92FB6 /* second@2x.png */; };
		ADE499A0173B0D7B00C92FB6 /* tap.aif in Resources */ = {isa = PBXBuildFile; fileRef = ADE49998173B0D7B00C92FB6 /* tap.aif */; };
		ADE499A6173B0DAE00C92FB6 /* InfoPlist.strings in Resources */ = {isa = PBXBuildFile; fileRef = ADE499A2173B0DAE00C92FB6 /* InfoPlist.strings */; };
		ADE499A7173B0DAE00C92FB6 /* MainStoryboard.storyboard in Resources */ = {isa = PBXBuildFile; fileRef = ADE499A4173B0DAE00C92FB6 /* MainStoryboard.storyboard */; };
/* End PBXBuildFile section */

/* Begin PBXFileReference section */
		AD0B4E7D17345C6400ECA3C6 /* AloharTutorial.app */ = {isa = PBXFileReference; explicitFileType = wrapper.application; includeInIndex = 0; path = AloharTutorial.app; sourceTree = BUILT_PRODUCTS_DIR; };
		AD0B4E8017345C6400ECA3C6 /* UIKit.framework */ = {isa = PBXFileReference; lastKnownFileType = wrapper.framework; name = UIKit.framework; path = System/Library/Frameworks/UIKit.framework; sourceTree = SDKROOT; };
		AD0B4E8217345C6400ECA3C6 /* Foundation.framework */ = {isa = PBXFileReference; lastKnownFileType = wrapper.framework; name = Foundation.framework; path = System/Library/Frameworks/Foundation.framework; sourceTree = SDKROOT; };
		AD0B4E8417345C6400ECA3C6 /* CoreGraphics.framework */ = {isa = PBXFileReference; lastKnownFileType = wrapper.framework; name = CoreGraphics.framework; path = System/Library/Frameworks/CoreGraphics.framework; sourceTree = SDKROOT; };
		AD0B4E8817345C6400ECA3C6 /* AloharTutorial-Info.plist */ = {isa = PBXFileReference; lastKnownFileType = text.plist.xml; path = "AloharTutorial-Info.plist"; sourceTree = "<group>"; };
		AD0B4E8C17345C6400ECA3C6 /* main.m */ = {isa = PBXFileReference; lastKnownFileType = sourcecode.c.objc; path = main.m; sourceTree = "<group>"; };
		AD0B4E8E17345C6400ECA3C6 /* AloharTutorial-Prefix.pch */ = {isa = PBXFileReference; lastKnownFileType = sourcecode.c.h; path = "AloharTutorial-Prefix.pch"; sourceTree = "<group>"; };
		AD0B4E8F17345C6400ECA3C6 /* ATAppDelegate.h */ = {isa = PBXFileReference; lastKnownFileType = sourcecode.c.h; path = ATAppDelegate.h; sourceTree = "<group>"; };
		AD0B4E9017345C6400ECA3C6 /* ATAppDelegate.m */ = {isa = PBXFileReference; lastKnownFileType = sourcecode.c.objc; path = ATAppDelegate.m; sourceTree = "<group>"; };
		AD0B4EA217345C6400ECA3C6 /* ATHistoryViewController.h */ = {isa = PBXFileReference; lastKnownFileType = sourcecode.c.h; path = ATHistoryViewController.h; sourceTree = "<group>"; };
		AD0B4EA317345C6400ECA3C6 /* ATHistoryViewController.m */ = {isa = PBXFileReference; lastKnownFileType = sourcecode.c.objc; path = ATHistoryViewController.m; sourceTree = "<group>"; };
		AD0B4EAE17345C8300ECA3C6 /* ATMapViewController.h */ = {isa = PBXFileReference; fileEncoding = 4; lastKnownFileType = sourcecode.c.h; path = ATMapViewController.h; sourceTree = "<group>"; };
		AD0B4EAF17345C8300ECA3C6 /* ATMapViewController.m */ = {isa = PBXFileReference; fileEncoding = 4; lastKnownFileType = sourcecode.c.objc; path = ATMapViewController.m; sourceTree = "<group>"; };
		AD0B4EB117345DA500ECA3C6 /* Alohar.framework */ = {isa = PBXFileReference; lastKnownFileType = wrapper.framework; path = Alohar.framework; sourceTree = "<group>"; };
		AD0B4EB317345DCE00ECA3C6 /* CFNetwork.framework */ = {isa = PBXFileReference; lastKnownFileType = wrapper.framework; name = CFNetwork.framework; path = System/Library/Frameworks/CFNetwork.framework; sourceTree = SDKROOT; };
		AD0B4EB417345DCE00ECA3C6 /* CoreLocation.framework */ = {isa = PBXFileReference; lastKnownFileType = wrapper.framework; name = CoreLocation.framework; path = System/Library/Frameworks/CoreLocation.framework; sourceTree = SDKROOT; };
		AD0B4EB517345DCE00ECA3C6 /* CoreMotion.framework */ = {isa = PBXFileReference; lastKnownFileType = wrapper.framework; name = CoreMotion.framework; path = System/Library/Frameworks/CoreMotion.framework; sourceTree = SDKROOT; };
		AD0B4EB617345DCE00ECA3C6 /* CoreTelephony.framework */ = {isa = PBXFileReference; lastKnownFileType = wrapper.framework; name = CoreTelephony.framework; path = System/Library/Frameworks/CoreTelephony.framework; sourceTree = SDKROOT; };
		AD0B4EB717345DCE00ECA3C6 /* libz.dylib */ = {isa = PBXFileReference; lastKnownFileType = "compiled.mach-o.dylib"; name = libz.dylib; path = usr/lib/libz.dylib; sourceTree = SDKROOT; };
		AD0B4EB817345DCE00ECA3C6 /* MapKit.framework */ = {isa = PBXFileReference; lastKnownFileType = wrapper.framework; name = MapKit.framework; path = System/Library/Frameworks/MapKit.framework; sourceTree = SDKROOT; };
		AD0B4EB917345DCE00ECA3C6 /* SystemConfiguration.framework */ = {isa = PBXFileReference; lastKnownFileType = wrapper.framework; name = SystemConfiguration.framework; path = System/Library/Frameworks/SystemConfiguration.framework; sourceTree = SDKROOT; };
		AD0B4EC117345DFD00ECA3C6 /* MobileCoreServices.framework */ = {isa = PBXFileReference; lastKnownFileType = wrapper.framework; name = MobileCoreServices.framework; path = System/Library/Frameworks/MobileCoreServices.framework; sourceTree = SDKROOT; };
		AD0B6494173B4E6300DF5F4B /* AVFoundation.framework */ = {isa = PBXFileReference; lastKnownFileType = wrapper.framework; name = AVFoundation.framework; path = System/Library/Frameworks/AVFoundation.framework; sourceTree = SDKROOT; };
		AD84AEBE1739830C00935DB2 /* ATSettingsViewController.h */ = {isa = PBXFileReference; fileEncoding = 4; lastKnownFileType = sourcecode.c.h; path = ATSettingsViewController.h; sourceTree = "<group>"; };
		AD84AEBF1739830C00935DB2 /* ATSettingsViewController.m */ = {isa = PBXFileReference; fileEncoding = 4; lastKnownFileType = sourcecode.c.objc; path = ATSettingsViewController.m; sourceTree = "<group>"; };
		ADA9C739173B04DA00A37ED3 /* ATRealTimeViewController.h */ = {isa = PBXFileReference; fileEncoding = 4; lastKnownFileType = sourcecode.c.h; path = ATRealTimeViewController.h; sourceTree = "<group>"; };
		ADA9C73A173B04DA00A37ED3 /* ATRealTimeViewController.m */ = {isa = PBXFileReference; fileEncoding = 4; lastKnownFileType = sourcecode.c.objc; path = ATRealTimeViewController.m; sourceTree = "<group>"; };
		ADA9C73C173B075C00A37ED3 /* AudioToolbox.framework */ = {isa = PBXFileReference; lastKnownFileType = wrapper.framework; name = AudioToolbox.framework; path = System/Library/Frameworks/AudioToolbox.framework; sourceTree = SDKROOT; };
		ADE49990173B0D7B00C92FB6 /* Default-568h@2x.png */ = {isa = PBXFileReference; lastKnownFileType = image.png; name = "Default-568h@2x.png"; path = "Resources/Images/Default-568h@2x.png"; sourceTree = "<group>"; };
		ADE49991173B0D7B00C92FB6 /* Default.png */ = {isa = PBXFileReference; lastKnownFileType = image.png; name = Default.png; path = Resources/Images/Default.png; sourceTree = "<group>"; };
		ADE49992173B0D7B00C92FB6 /* Default@2x.png */ = {isa = PBXFileReference; lastKnownFileType = image.png; name = "Default@2x.png"; path = "Resources/Images/Default@2x.png"; sourceTree = "<group>"; };
		ADE49993173B0D7B00C92FB6 /* first.png */ = {isa = PBXFileReference; lastKnownFileType = image.png; path = first.png; sourceTree = "<group>"; };
		ADE49994173B0D7B00C92FB6 /* first@2x.png */ = {isa = PBXFileReference; lastKnownFileType = image.png; path = "first@2x.png"; sourceTree = "<group>"; };
		ADE49995173B0D7B00C92FB6 /* second.png */ = {isa = PBXFileReference; lastKnownFileType = image.png; path = second.png; sourceTree = "<group>"; };
		ADE49996173B0D7B00C92FB6 /* second@2x.png */ = {isa = PBXFileReference; lastKnownFileType = image.png; path = "second@2x.png"; sourceTree = "<group>"; };
		ADE49998173B0D7B00C92FB6 /* tap.aif */ = {isa = PBXFileReference; lastKnownFileType = file; path = tap.aif; sourceTree = "<group>"; };
		ADE499A3173B0DAE00C92FB6 /* en */ = {isa = PBXFileReference; lastKnownFileType = text.plist.strings; name = en; path = InfoPlist.strings; sourceTree = "<group>"; };
		ADE499A5173B0DAE00C92FB6 /* en */ = {isa = PBXFileReference; lastKnownFileType = file.storyboard; name = en; path = MainStoryboard.storyboard; sourceTree = "<group>"; };
/* End PBXFileReference section */

/* Begin PBXFrameworksBuildPhase section */
		AD0B4E7A17345C6400ECA3C6 /* Frameworks */ = {
			isa = PBXFrameworksBuildPhase;
			buildActionMask = 2147483647;
			files = (
				AD0B6495173B4E6300DF5F4B /* AVFoundation.framework in Frameworks */,
				ADA9C73D173B075C00A37ED3 /* AudioToolbox.framework in Frameworks */,
				AD0B4EC217345DFD00ECA3C6 /* MobileCoreServices.framework in Frameworks */,
				AD0B4EBA17345DCE00ECA3C6 /* CFNetwork.framework in Frameworks */,
				AD0B4EBB17345DCE00ECA3C6 /* CoreLocation.framework in Frameworks */,
				AD0B4EBC17345DCE00ECA3C6 /* CoreMotion.framework in Frameworks */,
				AD0B4EBD17345DCE00ECA3C6 /* CoreTelephony.framework in Frameworks */,
				AD0B4EBE17345DCE00ECA3C6 /* libz.dylib in Frameworks */,
				AD0B4EBF17345DCE00ECA3C6 /* MapKit.framework in Frameworks */,
				AD0B4EC017345DCE00ECA3C6 /* SystemConfiguration.framework in Frameworks */,
				AD0B4E8117345C6400ECA3C6 /* UIKit.framework in Frameworks */,
				AD0B4E8317345C6400ECA3C6 /* Foundation.framework in Frameworks */,
				AD0B4E8517345C6400ECA3C6 /* CoreGraphics.framework in Frameworks */,
				AD0B4EB217345DA500ECA3C6 /* Alohar.framework in Frameworks */,
			);
			runOnlyForDeploymentPostprocessing = 0;
		};
/* End PBXFrameworksBuildPhase section */

/* Begin PBXGroup section */
		AD0B4E7417345C6400ECA3C6 = {
			isa = PBXGroup;
			children = (
				AD0B4E8617345C6400ECA3C6 /* AloharTutorial */,
				AD0B4E7F17345C6400ECA3C6 /* Frameworks */,
				AD0B4E7E17345C6400ECA3C6 /* Products */,
			);
			sourceTree = "<group>";
		};
		AD0B4E7E17345C6400ECA3C6 /* Products */ = {
			isa = PBXGroup;
			children = (
				AD0B4E7D17345C6400ECA3C6 /* AloharTutorial.app */,
			);
			name = Products;
			sourceTree = "<group>";
		};
		AD0B4E7F17345C6400ECA3C6 /* Frameworks */ = {
			isa = PBXGroup;
			children = (
				AD0B6494173B4E6300DF5F4B /* AVFoundation.framework */,
				ADA9C73C173B075C00A37ED3 /* AudioToolbox.framework */,
				AD0B4EC117345DFD00ECA3C6 /* MobileCoreServices.framework */,
				AD0B4EB317345DCE00ECA3C6 /* CFNetwork.framework */,
				AD0B4EB417345DCE00ECA3C6 /* CoreLocation.framework */,
				AD0B4EB517345DCE00ECA3C6 /* CoreMotion.framework */,
				AD0B4EB617345DCE00ECA3C6 /* CoreTelephony.framework */,
				AD0B4EB717345DCE00ECA3C6 /* libz.dylib */,
				AD0B4EB817345DCE00ECA3C6 /* MapKit.framework */,
				AD0B4EB917345DCE00ECA3C6 /* SystemConfiguration.framework */,
				AD0B4EB117345DA500ECA3C6 /* Alohar.framework */,
				AD0B4E8017345C6400ECA3C6 /* UIKit.framework */,
				AD0B4E8217345C6400ECA3C6 /* Foundation.framework */,
				AD0B4E8417345C6400ECA3C6 /* CoreGraphics.framework */,
			);
			name = Frameworks;
			sourceTree = "<group>";
		};
		AD0B4E8617345C6400ECA3C6 /* AloharTutorial */ = {
			isa = PBXGroup;
			children = (
				ADE4998F173B0D7B00C92FB6 /* Images */,
				ADE49997173B0D7B00C92FB6 /* Sounds */,
				AD0B4E8F17345C6400ECA3C6 /* ATAppDelegate.h */,
				AD0B4E9017345C6400ECA3C6 /* ATAppDelegate.m */,
				ADA9C739173B04DA00A37ED3 /* ATRealTimeViewController.h */,
				ADA9C73A173B04DA00A37ED3 /* ATRealTimeViewController.m */,
				AD84AEBE1739830C00935DB2 /* ATSettingsViewController.h */,
				AD84AEBF1739830C00935DB2 /* ATSettingsViewController.m */,
				AD0B4EAE17345C8300ECA3C6 /* ATMapViewController.h */,
				AD0B4EAF17345C8300ECA3C6 /* ATMapViewController.m */,
				AD0B4EA217345C6400ECA3C6 /* ATHistoryViewController.h */,
				AD0B4EA317345C6400ECA3C6 /* ATHistoryViewController.m */,
				ADE499A4173B0DAE00C92FB6 /* MainStoryboard.storyboard */,
				AD0B4E8717345C6400ECA3C6 /* Supporting Files */,
			);
			path = AloharTutorial;
			sourceTree = "<group>";
		};
		AD0B4E8717345C6400ECA3C6 /* Supporting Files */ = {
			isa = PBXGroup;
			children = (
				ADE499A2173B0DAE00C92FB6 /* InfoPlist.strings */,
				ADE49990173B0D7B00C92FB6 /* Default-568h@2x.png */,
				ADE49991173B0D7B00C92FB6 /* Default.png */,
				ADE49992173B0D7B00C92FB6 /* Default@2x.png */,
				AD0B4E8817345C6400ECA3C6 /* AloharTutorial-Info.plist */,
				AD0B4E8C17345C6400ECA3C6 /* main.m */,
				AD0B4E8E17345C6400ECA3C6 /* AloharTutorial-Prefix.pch */,
			);
			name = "Supporting Files";
			sourceTree = "<group>";
		};
		ADE4998F173B0D7B00C92FB6 /* Images */ = {
			isa = PBXGroup;
			children = (
				ADE49993173B0D7B00C92FB6 /* first.png */,
				ADE49994173B0D7B00C92FB6 /* first@2x.png */,
				ADE49995173B0D7B00C92FB6 /* second.png */,
				ADE49996173B0D7B00C92FB6 /* second@2x.png */,
			);
			name = Images;
			path = Resources/Images;
			sourceTree = "<group>";
		};
		ADE49997173B0D7B00C92FB6 /* Sounds */ = {
			isa = PBXGroup;
			children = (
				ADE49998173B0D7B00C92FB6 /* tap.aif */,
			);
			name = Sounds;
			path = Resources/Sounds;
			sourceTree = "<group>";
		};
/* End PBXGroup section */

/* Begin PBXNativeTarget section */
		AD0B4E7C17345C6400ECA3C6 /* AloharTutorial */ = {
			isa = PBXNativeTarget;
			buildConfigurationList = AD0B4EAB17345C6400ECA3C6 /* Build configuration list for PBXNativeTarget "AloharTutorial" */;
			buildPhases = (
				AD0B4E7917345C6400ECA3C6 /* Sources */,
				AD0B4E7A17345C6400ECA3C6 /* Frameworks */,
				AD0B4E7B17345C6400ECA3C6 /* Resources */,
			);
			buildRules = (
			);
			dependencies = (
			);
			name = AloharTutorial;
			productName = AloharTutorial;
			productReference = AD0B4E7D17345C6400ECA3C6 /* AloharTutorial.app */;
			productType = "com.apple.product-type.application";
		};
/* End PBXNativeTarget section */

/* Begin PBXProject section */
		AD0B4E7517345C6400ECA3C6 /* Project object */ = {
			isa = PBXProject;
			attributes = {
				CLASSPREFIX = AT;
				LastUpgradeCheck = 0460;
				ORGANIZATIONNAME = "Xiaoshan Huang";
			};
			buildConfigurationList = AD0B4E7817345C6400ECA3C6 /* Build configuration list for PBXProject "AloharTutorial" */;
			compatibilityVersion = "Xcode 3.2";
			developmentRegion = English;
			hasScannedForEncodings = 0;
			knownRegions = (
				en,
			);
			mainGroup = AD0B4E7417345C6400ECA3C6;
			productRefGroup = AD0B4E7E17345C6400ECA3C6 /* Products */;
			projectDirPath = "";
			projectRoot = "";
			targets = (
				AD0B4E7C17345C6400ECA3C6 /* AloharTutorial */,
			);
		};
/* End PBXProject section */

/* Begin PBXResourcesBuildPhase section */
		AD0B4E7B17345C6400ECA3C6 /* Resources */ = {
			isa = PBXResourcesBuildPhase;
			buildActionMask = 2147483647;
			files = (
				ADE49999173B0D7B00C92FB6 /* Default-568h@2x.png in Resources */,
				ADE4999A173B0D7B00C92FB6 /* Default.png in Resources */,
				ADE4999B173B0D7B00C92FB6 /* Default@2x.png in Resources */,
				ADE4999C173B0D7B00C92FB6 /* first.png in Resources */,
				ADE4999D173B0D7B00C92FB6 /* first@2x.png in Resources */,
				ADE4999E173B0D7B00C92FB6 /* second.png in Resources */,
				ADE4999F173B0D7B00C92FB6 /* second@2x.png in Resources */,
				ADE499A0173B0D7B00C92FB6 /* tap.aif in Resources */,
				ADE499A6173B0DAE00C92FB6 /* InfoPlist.strings in Resources */,
				ADE499A7173B0DAE00C92FB6 /* MainStoryboard.storyboard in Resources */,
			);
			runOnlyForDeploymentPostprocessing = 0;
		};
/* End PBXResourcesBuildPhase section */

/* Begin PBXSourcesBuildPhase section */
		AD0B4E7917345C6400ECA3C6 /* Sources */ = {
			isa = PBXSourcesBuildPhase;
			buildActionMask = 2147483647;
			files = (
				AD0B4E8D17345C6400ECA3C6 /* main.m in Sources */,
				AD0B4E9117345C6400ECA3C6 /* ATAppDelegate.m in Sources */,
				AD0B4EA417345C6400ECA3C6 /* ATHistoryViewController.m in Sources */,
				AD0B4EB017345C8300ECA3C6 /* ATMapViewController.m in Sources */,
				AD84AEC01739830C00935DB2 /* ATSettingsViewController.m in Sources */,
				ADA9C73B173B04DA00A37ED3 /* ATRealTimeViewController.m in Sources */,
			);
			runOnlyForDeploymentPostprocessing = 0;
		};
/* End PBXSourcesBuildPhase section */

/* Begin PBXVariantGroup section */
		ADE499A2173B0DAE00C92FB6 /* InfoPlist.strings */ = {
			isa = PBXVariantGroup;
			children = (
				ADE499A3173B0DAE00C92FB6 /* en */,
			);
			name = InfoPlist.strings;
			path = en.lproj;
			sourceTree = "<group>";
		};
		ADE499A4173B0DAE00C92FB6 /* MainStoryboard.storyboard */ = {
			isa = PBXVariantGroup;
			children = (
				ADE499A5173B0DAE00C92FB6 /* en */,
			);
			name = MainStoryboard.storyboard;
			path = en.lproj;
			sourceTree = "<group>";
		};
/* End PBXVariantGroup section */

/* Begin XCBuildConfiguration section */
		AD0B4EA917345C6400ECA3C6 /* Debug */ = {
			isa = XCBuildConfiguration;
			buildSettings = {
				ALWAYS_SEARCH_USER_PATHS = NO;
				CLANG_CXX_LANGUAGE_STANDARD = "gnu++0x";
				CLANG_CXX_LIBRARY = "libc++";
				CLANG_ENABLE_OBJC_ARC = YES;
				CLANG_WARN_CONSTANT_CONVERSION = YES;
				CLANG_WARN_EMPTY_BODY = YES;
				CLANG_WARN_ENUM_CONVERSION = YES;
				CLANG_WARN_INT_CONVERSION = YES;
				CLANG_WARN__DUPLICATE_METHOD_MATCH = YES;
				"CODE_SIGN_IDENTITY[sdk=iphoneos*]" = "iPhone Developer";
				COPY_PHASE_STRIP = NO;
				GCC_C_LANGUAGE_STANDARD = gnu99;
				GCC_DYNAMIC_NO_PIC = NO;
				GCC_OPTIMIZATION_LEVEL = 0;
				GCC_PREPROCESSOR_DEFINITIONS = (
					"DEBUG=1",
					"$(inherited)",
				);
				GCC_SYMBOLS_PRIVATE_EXTERN = NO;
				GCC_WARN_ABOUT_RETURN_TYPE = YES;
				GCC_WARN_UNINITIALIZED_AUTOS = YES;
				GCC_WARN_UNUSED_VARIABLE = YES;
				IPHONEOS_DEPLOYMENT_TARGET = 6.1;
				ONLY_ACTIVE_ARCH = YES;
				SDKROOT = iphoneos;
			};
			name = Debug;
		};
		AD0B4EAA17345C6400ECA3C6 /* Release */ = {
			isa = XCBuildConfiguration;
			buildSettings = {
				ALWAYS_SEARCH_USER_PATHS = NO;
				CLANG_CXX_LANGUAGE_STANDARD = "gnu++0x";
				CLANG_CXX_LIBRARY = "libc++";
				CLANG_ENABLE_OBJC_ARC = YES;
				CLANG_WARN_CONSTANT_CONVERSION = YES;
				CLANG_WARN_EMPTY_BODY = YES;
				CLANG_WARN_ENUM_CONVERSION = YES;
				CLANG_WARN_INT_CONVERSION = YES;
				CLANG_WARN__DUPLICATE_METHOD_MATCH = YES;
				"CODE_SIGN_IDENTITY[sdk=iphoneos*]" = "iPhone Developer";
				COPY_PHASE_STRIP = YES;
				GCC_C_LANGUAGE_STANDARD = gnu99;
				GCC_WARN_ABOUT_RETURN_TYPE = YES;
				GCC_WARN_UNINITIALIZED_AUTOS = YES;
				GCC_WARN_UNUSED_VARIABLE = YES;
				IPHONEOS_DEPLOYMENT_TARGET = 6.1;
				OTHER_CFLAGS = "-DNS_BLOCK_ASSERTIONS=1";
				SDKROOT = iphoneos;
				VALIDATE_PRODUCT = YES;
			};
			name = Release;
		};
		AD0B4EAC17345C6400ECA3C6 /* Debug */ = {
			isa = XCBuildConfiguration;
			buildSettings = {
				FRAMEWORK_SEARCH_PATHS = (
					"$(inherited)",
					"\"$(SRCROOT)\"",
				);
				GCC_PRECOMPILE_PREFIX_HEADER = YES;
				GCC_PREFIX_HEADER = "AloharTutorial/AloharTutorial-Prefix.pch";
				INFOPLIST_FILE = "AloharTutorial/AloharTutorial-Info.plist";
				OTHER_LDFLAGS = "-all_load";
				PRODUCT_NAME = "$(TARGET_NAME)";
				WRAPPER_EXTENSION = app;
			};
			name = Debug;
		};
		AD0B4EAD17345C6400ECA3C6 /* Release */ = {
			isa = XCBuildConfiguration;
			buildSettings = {
				FRAMEWORK_SEARCH_PATHS = (
					"$(inherited)",
					"\"$(SRCROOT)\"",
				);
				GCC_PRECOMPILE_PREFIX_HEADER = YES;
				GCC_PREFIX_HEADER = "AloharTutorial/AloharTutorial-Prefix.pch";
				INFOPLIST_FILE = "AloharTutorial/AloharTutorial-Info.plist";
				OTHER_LDFLAGS = "-all_load";
				PRODUCT_NAME = "$(TARGET_NAME)";
				WRAPPER_EXTENSION = app;
			};
			name = Release;
		};
/* End XCBuildConfiguration section */

/* Begin XCConfigurationList section */
		AD0B4E7817345C6400ECA3C6 /* Build configuration list for PBXProject "AloharTutorial" */ = {
			isa = XCConfigurationList;
			buildConfigurations = (
				AD0B4EA917345C6400ECA3C6 /* Debug */,
				AD0B4EAA17345C6400ECA3C6 /* Release */,
			);
			defaultConfigurationIsVisible = 0;
			defaultConfigurationName = Release;
		};
		AD0B4EAB17345C6400ECA3C6 /* Build configuration list for PBXNativeTarget "AloharTutorial" */ = {
			isa = XCConfigurationList;
			buildConfigurations = (
				AD0B4EAC17345C6400ECA3C6 /* Debug */,
				AD0B4EAD17345C6400ECA3C6 /* Release */,
			);
			defaultConfigurationIsVisible = 0;
			defaultConfigurationName = Release;
		};
/* End XCConfigurationList section */
	};
	rootObject = AD0B4E7517345C6400ECA3C6 /* Project object */;
}
